
Microsoft Visual Studio Solution File, Format Version 12.00
# Visual Studio Version 16
VisualStudioVersion = 16.0.29209.62
MinimumVisualStudioVersion = 10.0.40219.1
Project("{FAE04EC0-301F-11D3-BF4B-00C04F79EFBC}") = "Delegates", "Projects\Delegates\Delegates.csproj", "{9024252A-641A-4089-A04B-79482D36606F}"
EndProject
Project("{FAE04EC0-301F-11D3-BF4B-00C04F79EFBC}") = "Event", "Projects\Event\Event.csproj", "{9324F591-1264-432D-BE0A-BE16E988E3B6}"
EndProject
Project("{FAE04EC0-301F-11D3-BF4B-00C04F79EFBC}") = "EventHandler", "Projects\EventHandler\EventHandler.csproj", "{39B08BB9-7288-4F4A-962C-6515CB623625}"
EndProject
Project("{FAE04EC0-301F-11D3-BF4B-00C04F79EFBC}") = "DeleteDuplicates", "Projects\MergedArrayUniqueValues\DeleteDuplicates.csproj", "{EF8EB2E5-FB42-40D3-A157-17DA86A9837E}"
EndProject
Project("{FAE04EC0-301F-11D3-BF4B-00C04F79EFBC}") = "LINQ", "Projects\LINQ\LINQ.csproj", "{DBB9125A-3C63-44DF-9A67-B47E09009AF2}"
EndProject
Project("{FAE04EC0-301F-11D3-BF4B-00C04F79EFBC}") = "InheritanceHidingOverriding", "Inheritance\InheritanceHidingOverriding.csproj", "{6012A672-F5AF-49B6-A4C3-24BA383F0797}"
EndProject
Project("{FAE04EC0-301F-11D3-BF4B-00C04F79EFBC}") = "Enumerator", "Empty\Enumerator.csproj", "{1F451154-4AB8-4FAC-93D2-4B3D69CBB766}"
EndProject
Project("{FAE04EC0-301F-11D3-BF4B-00C04F79EFBC}") = "Yield", "Yeld\Yield.csproj", "{41D51CAE-4486-44ED-BDF3-4607169D6E6A}"
EndProject
Project("{FAE04EC0-301F-11D3-BF4B-00C04F79EFBC}") = "TestDS", "TestDS\TestDS.csproj", "{A1ABE40F-BD8B-4CCB-AF76-5A27D5376363}"
EndProject
Global
	GlobalSection(SolutionConfigurationPlatforms) = preSolution
		Debug|Any CPU = Debug|Any CPU
		Release|Any CPU = Release|Any CPU
	EndGlobalSection
	GlobalSection(ProjectConfigurationPlatforms) = postSolution
		{9024252A-641A-4089-A04B-79482D36606F}.Debug|Any CPU.ActiveCfg = Debug|Any CPU
		{9024252A-641A-4089-A04B-79482D36606F}.Debug|Any CPU.Build.0 = Debug|Any CPU
		{9024252A-641A-4089-A04B-79482D36606F}.Release|Any CPU.ActiveCfg = Release|Any CPU
		{9024252A-641A-4089-A04B-79482D36606F}.Release|Any CPU.Build.0 = Release|Any CPU
		{9324F591-1264-432D-BE0A-BE16E988E3B6}.Debug|Any CPU.ActiveCfg = Debug|Any CPU
		{9324F591-1264-432D-BE0A-BE16E988E3B6}.Debug|Any CPU.Build.0 = Debug|Any CPU
		{9324F591-1264-432D-BE0A-BE16E988E3B6}.Release|Any CPU.ActiveCfg = Release|Any CPU
		{9324F591-1264-432D-BE0A-BE16E988E3B6}.Release|Any CPU.Build.0 = Release|Any CPU
		{39B08BB9-7288-4F4A-962C-6515CB623625}.Debug|Any CPU.ActiveCfg = Debug|Any CPU
		{39B08BB9-7288-4F4A-962C-6515CB623625}.Debug|Any CPU.Build.0 = Debug|Any CPU
		{39B08BB9-7288-4F4A-962C-6515CB623625}.Release|Any CPU.ActiveCfg = Release|Any CPU
		{39B08BB9-7288-4F4A-962C-6515CB623625}.Release|Any CPU.Build.0 = Release|Any CPU
		{EF8EB2E5-FB42-40D3-A157-17DA86A9837E}.Debug|Any CPU.ActiveCfg = Debug|Any CPU
		{EF8EB2E5-FB42-40D3-A157-17DA86A9837E}.Debug|Any CPU.Build.0 = Debug|Any CPU
		{EF8EB2E5-FB42-40D3-A157-17DA86A9837E}.Release|Any CPU.ActiveCfg = Release|Any CPU
		{EF8EB2E5-FB42-40D3-A157-17DA86A9837E}.Release|Any CPU.Build.0 = Release|Any CPU
		{DBB9125A-3C63-44DF-9A67-B47E09009AF2}.Debug|Any CPU.ActiveCfg = Debug|Any CPU
		{DBB9125A-3C63-44DF-9A67-B47E09009AF2}.Debug|Any CPU.Build.0 = Debug|Any CPU
		{DBB9125A-3C63-44DF-9A67-B47E09009AF2}.Release|Any CPU.ActiveCfg = Release|Any CPU
		{DBB9125A-3C63-44DF-9A67-B47E09009AF2}.Release|Any CPU.Build.0 = Release|Any CPU
		{6012A672-F5AF-49B6-A4C3-24BA383F0797}.Debug|Any CPU.ActiveCfg = Debug|Any CPU
		{6012A672-F5AF-49B6-A4C3-24BA383F0797}.Debug|Any CPU.Build.0 = Debug|Any CPU
		{6012A672-F5AF-49B6-A4C3-24BA383F0797}.Release|Any CPU.ActiveCfg = Release|Any CPU
		{6012A672-F5AF-49B6-A4C3-24BA383F0797}.Release|Any CPU.Build.0 = Release|Any CPU
		{1F451154-4AB8-4FAC-93D2-4B3D69CBB766}.Debug|Any CPU.ActiveCfg = Debug|Any CPU
		{1F451154-4AB8-4FAC-93D2-4B3D69CBB766}.Debug|Any CPU.Build.0 = Debug|Any CPU
		{1F451154-4AB8-4FAC-93D2-4B3D69CBB766}.Release|Any CPU.ActiveCfg = Release|Any CPU
		{1F451154-4AB8-4FAC-93D2-4B3D69CBB766}.Release|Any CPU.Build.0 = Release|Any CPU
		{41D51CAE-4486-44ED-BDF3-4607169D6E6A}.Debug|Any CPU.ActiveCfg = Debug|Any CPU
		{41D51CAE-4486-44ED-BDF3-4607169D6E6A}.Debug|Any CPU.Build.0 = Debug|Any CPU
		{41D51CAE-4486-44ED-BDF3-4607169D6E6A}.Release|Any CPU.ActiveCfg = Release|Any CPU
		{41D51CAE-4486-44ED-BDF3-4607169D6E6A}.Release|Any CPU.Build.0 = Release|Any CPU
		{A1ABE40F-BD8B-4CCB-AF76-5A27D5376363}.Debug|Any CPU.ActiveCfg = Debug|Any CPU
		{A1ABE40F-BD8B-4CCB-AF76-5A27D5376363}.Debug|Any CPU.Build.0 = Debug|Any CPU
		{A1ABE40F-BD8B-4CCB-AF76-5A27D5376363}.Release|Any CPU.ActiveCfg = Release|Any CPU
		{A1ABE40F-BD8B-4CCB-AF76-5A27D5376363}.Release|Any CPU.Build.0 = Release|Any CPU
	EndGlobalSection
	GlobalSection(SolutionProperties) = preSolution
		HideSolutionNode = FALSE
	EndGlobalSection
	GlobalSection(ExtensibilityGlobals) = postSolution
		SolutionGuid = {4EEF68CD-85E6-4BAB-9CF4-C4824C5F4B49}
	EndGlobalSection
EndGlobal
